// !$*UTF8*$!
{
	archiveVersion = 1;
	classes = {
	};
	objectVersion = 55;
	objects = {

/* Begin PBXBuildFile section */
		2D611ECD2912046800A79B48 /* AppDelegate.swift in Sources */ = {isa = PBXBuildFile; fileRef = 2D611ECC2912046800A79B48 /* AppDelegate.swift */; };
		2D611ECF2912046800A79B48 /* SceneDelegate.swift in Sources */ = {isa = PBXBuildFile; fileRef = 2D611ECE2912046800A79B48 /* SceneDelegate.swift */; };
		2D611ED12912046800A79B48 /* ViewController.swift in Sources */ = {isa = PBXBuildFile; fileRef = 2D611ED02912046800A79B48 /* ViewController.swift */; };
		2D611ED42912046800A79B48 /* Main.storyboard in Resources */ = {isa = PBXBuildFile; fileRef = 2D611ED22912046800A79B48 /* Main.storyboard */; };
		2D611ED62912046F00A79B48 /* Assets.xcassets in Resources */ = {isa = PBXBuildFile; fileRef = 2D611ED52912046F00A79B48 /* Assets.xcassets */; };
		2D611ED92912046F00A79B48 /* LaunchScreen.storyboard in Resources */ = {isa = PBXBuildFile; fileRef = 2D611ED72912046F00A79B48 /* LaunchScreen.storyboard */; };
		2D611EE42912047000A79B48 /* ZemogaTests.swift in Sources */ = {isa = PBXBuildFile; fileRef = 2D611EE32912047000A79B48 /* ZemogaTests.swift */; };
		2D611EEE2912047000A79B48 /* ZemogaUITests.swift in Sources */ = {isa = PBXBuildFile; fileRef = 2D611EED2912047000A79B48 /* ZemogaUITests.swift */; };
		2D611EF02912047000A79B48 /* ZemogaUITestsLaunchTests.swift in Sources */ = {isa = PBXBuildFile; fileRef = 2D611EEF2912047000A79B48 /* ZemogaUITestsLaunchTests.swift */; };
		2DE8AFA329120AA300A79A55 /* MainTableViewController.swift in Sources */ = {isa = PBXBuildFile; fileRef = 2DE8AFA229120AA300A79A55 /* MainTableViewController.swift */; };
		2DE8AFA5291212DA00A79A55 /* MainTableViewCell.swift in Sources */ = {isa = PBXBuildFile; fileRef = 2DE8AFA4291212DA00A79A55 /* MainTableViewCell.swift */; };
		2DE8AFA72914C09200A79A55 /* PostDetailViewController.swift in Sources */ = {isa = PBXBuildFile; fileRef = 2DE8AFA62914C09200A79A55 /* PostDetailViewController.swift */; };
		2DE8AFAA2914CFED00A79A55 /* CommentTableViewCell.swift in Sources */ = {isa = PBXBuildFile; fileRef = 2DE8AFA82914CFED00A79A55 /* CommentTableViewCell.swift */; };
		2DE8AFAB2914CFED00A79A55 /* CommentTableViewCell.xib in Resources */ = {isa = PBXBuildFile; fileRef = 2DE8AFA92914CFED00A79A55 /* CommentTableViewCell.xib */; };
/* End PBXBuildFile section */

/* Begin PBXContainerItemProxy section */
		2D611EE02912047000A79B48 /* PBXContainerItemProxy */ = {
			isa = PBXContainerItemProxy;
			containerPortal = 2D611EC12912046800A79B48 /* Project object */;
			proxyType = 1;
			remoteGlobalIDString = 2D611EC82912046800A79B48;
			remoteInfo = Zemoga;
		};
		2D611EEA2912047000A79B48 /* PBXContainerItemProxy */ = {
			isa = PBXContainerItemProxy;
			containerPortal = 2D611EC12912046800A79B48 /* Project object */;
			proxyType = 1;
			remoteGlobalIDString = 2D611EC82912046800A79B48;
			remoteInfo = Zemoga;
		};
/* End PBXContainerItemProxy section */

/* Begin PBXFileReference section */
		2D611EC92912046800A79B48 /* Zemoga.app */ = {isa = PBXFileReference; explicitFileType = wrapper.application; includeInIndex = 0; path = Zemoga.app; sourceTree = BUILT_PRODUCTS_DIR; };
		2D611ECC2912046800A79B48 /* AppDelegate.swift */ = {isa = PBXFileReference; lastKnownFileType = sourcecode.swift; path = AppDelegate.swift; sourceTree = "<group>"; };
		2D611ECE2912046800A79B48 /* SceneDelegate.swift */ = {isa = PBXFileReference; lastKnownFileType = sourcecode.swift; path = SceneDelegate.swift; sourceTree = "<group>"; };
		2D611ED02912046800A79B48 /* ViewController.swift */ = {isa = PBXFileReference; lastKnownFileType = sourcecode.swift; path = ViewController.swift; sourceTree = "<group>"; };
		2D611ED32912046800A79B48 /* Base */ = {isa = PBXFileReference; lastKnownFileType = file.storyboard; name = Base; path = Base.lproj/Main.storyboard; sourceTree = "<group>"; };
		2D611ED52912046F00A79B48 /* Assets.xcassets */ = {isa = PBXFileReference; lastKnownFileType = folder.assetcatalog; path = Assets.xcassets; sourceTree = "<group>"; };
		2D611ED82912046F00A79B48 /* Base */ = {isa = PBXFileReference; lastKnownFileType = file.storyboard; name = Base; path = Base.lproj/LaunchScreen.storyboard; sourceTree = "<group>"; };
		2D611EDA2912046F00A79B48 /* Info.plist */ = {isa = PBXFileReference; lastKnownFileType = text.plist.xml; path = Info.plist; sourceTree = "<group>"; };
		2D611EDF2912047000A79B48 /* ZemogaTests.xctest */ = {isa = PBXFileReference; explicitFileType = wrapper.cfbundle; includeInIndex = 0; path = ZemogaTests.xctest; sourceTree = BUILT_PRODUCTS_DIR; };
		2D611EE32912047000A79B48 /* ZemogaTests.swift */ = {isa = PBXFileReference; lastKnownFileType = sourcecode.swift; path = ZemogaTests.swift; sourceTree = "<group>"; };
		2D611EE92912047000A79B48 /* ZemogaUITests.xctest */ = {isa = PBXFileReference; explicitFileType = wrapper.cfbundle; includeInIndex = 0; path = ZemogaUITests.xctest; sourceTree = BUILT_PRODUCTS_DIR; };
		2D611EED2912047000A79B48 /* ZemogaUITests.swift */ = {isa = PBXFileReference; lastKnownFileType = sourcecode.swift; path = ZemogaUITests.swift; sourceTree = "<group>"; };
		2D611EEF2912047000A79B48 /* ZemogaUITestsLaunchTests.swift */ = {isa = PBXFileReference; lastKnownFileType = sourcecode.swift; path = ZemogaUITestsLaunchTests.swift; sourceTree = "<group>"; };
		2DE8AFA229120AA300A79A55 /* MainTableViewController.swift */ = {isa = PBXFileReference; lastKnownFileType = sourcecode.swift; path = MainTableViewController.swift; sourceTree = "<group>"; };
		2DE8AFA4291212DA00A79A55 /* MainTableViewCell.swift */ = {isa = PBXFileReference; lastKnownFileType = sourcecode.swift; path = MainTableViewCell.swift; sourceTree = "<group>"; };
		2DE8AFA62914C09200A79A55 /* PostDetailViewController.swift */ = {isa = PBXFileReference; lastKnownFileType = sourcecode.swift; path = PostDetailViewController.swift; sourceTree = "<group>"; };
		2DE8AFA82914CFED00A79A55 /* CommentTableViewCell.swift */ = {isa = PBXFileReference; lastKnownFileType = sourcecode.swift; path = CommentTableViewCell.swift; sourceTree = "<group>"; };
		2DE8AFA92914CFED00A79A55 /* CommentTableViewCell.xib */ = {isa = PBXFileReference; lastKnownFileType = file.xib; path = CommentTableViewCell.xib; sourceTree = "<group>"; };
/* End PBXFileReference section */

/* Begin PBXFrameworksBuildPhase section */
		2D611EC62912046800A79B48 /* Frameworks */ = {
			isa = PBXFrameworksBuildPhase;
			buildActionMask = 2147483647;
			files = (
			);
			runOnlyForDeploymentPostprocessing = 0;
		};
		2D611EDC2912047000A79B48 /* Frameworks */ = {
			isa = PBXFrameworksBuildPhase;
			buildActionMask = 2147483647;
			files = (
			);
			runOnlyForDeploymentPostprocessing = 0;
		};
		2D611EE62912047000A79B48 /* Frameworks */ = {
			isa = PBXFrameworksBuildPhase;
			buildActionMask = 2147483647;
			files = (
			);
			runOnlyForDeploymentPostprocessing = 0;
		};
/* End PBXFrameworksBuildPhase section */

/* Begin PBXGroup section */
		2D611EC02912046800A79B48 = {
			isa = PBXGroup;
			children = (
				2D611ECB2912046800A79B48 /* Zemoga */,
				2D611EE22912047000A79B48 /* ZemogaTests */,
				2D611EEC2912047000A79B48 /* ZemogaUITests */,
				2D611ECA2912046800A79B48 /* Products */,
			);
			sourceTree = "<group>";
		};
		2D611ECA2912046800A79B48 /* Products */ = {
			isa = PBXGroup;
			children = (
				2D611EC92912046800A79B48 /* Zemoga.app */,
				2D611EDF2912047000A79B48 /* ZemogaTests.xctest */,
				2D611EE92912047000A79B48 /* ZemogaUITests.xctest */,
			);
			name = Products;
			sourceTree = "<group>";
		};
		2D611ECB2912046800A79B48 /* Zemoga */ = {
			isa = PBXGroup;
			children = (
				2D611ECC2912046800A79B48 /* AppDelegate.swift */,
				2D611ECE2912046800A79B48 /* SceneDelegate.swift */,
				2D611ED02912046800A79B48 /* ViewController.swift */,
				2D611ED22912046800A79B48 /* Main.storyboard */,
				2D611ED52912046F00A79B48 /* Assets.xcassets */,
				2D611ED72912046F00A79B48 /* LaunchScreen.storyboard */,
				2D611EDA2912046F00A79B48 /* Info.plist */,
				2DE8AFA229120AA300A79A55 /* MainTableViewController.swift */,
				2DE8AFA4291212DA00A79A55 /* MainTableViewCell.swift */,
				2DE8AFA62914C09200A79A55 /* PostDetailViewController.swift */,
				2DE8AFA82914CFED00A79A55 /* CommentTableViewCell.swift */,
				2DE8AFA92914CFED00A79A55 /* CommentTableViewCell.xib */,
			);
			path = Zemoga;
			sourceTree = "<group>";
		};
		2D611EE22912047000A79B48 /* ZemogaTests */ = {
			isa = PBXGroup;
			children = (
				2D611EE32912047000A79B48 /* ZemogaTests.swift */,
			);
			path = ZemogaTests;
			sourceTree = "<group>";
		};
		2D611EEC2912047000A79B48 /* ZemogaUITests */ = {
			isa = PBXGroup;
			children = (
				2D611EED2912047000A79B48 /* ZemogaUITests.swift */,
				2D611EEF2912047000A79B48 /* ZemogaUITestsLaunchTests.swift */,
			);
			path = ZemogaUITests;
			sourceTree = "<group>";
		};
/* End PBXGroup section */

/* Begin PBXNativeTarget section */
		2D611EC82912046800A79B48 /* Zemoga */ = {
			isa = PBXNativeTarget;
			buildConfigurationList = 2D611EF32912047000A79B48 /* Build configuration list for PBXNativeTarget "Zemoga" */;
			buildPhases = (
				2D611EC52912046800A79B48 /* Sources */,
				2D611EC62912046800A79B48 /* Frameworks */,
				2D611EC72912046800A79B48 /* Resources */,
			);
			buildRules = (
			);
			dependencies = (
			);
			name = Zemoga;
			productName = Zemoga;
			productReference = 2D611EC92912046800A79B48 /* Zemoga.app */;
			productType = "com.apple.product-type.application";
		};
		2D611EDE2912047000A79B48 /* ZemogaTests */ = {
			isa = PBXNativeTarget;
			buildConfigurationList = 2D611EF62912047000A79B48 /* Build configuration list for PBXNativeTarget "ZemogaTests" */;
			buildPhases = (
				2D611EDB2912047000A79B48 /* Sources */,
				2D611EDC2912047000A79B48 /* Frameworks */,
				2D611EDD2912047000A79B48 /* Resources */,
			);
			buildRules = (
			);
			dependencies = (
				2D611EE12912047000A79B48 /* PBXTargetDependency */,
			);
			name = ZemogaTests;
			productName = ZemogaTests;
			productReference = 2D611EDF2912047000A79B48 /* ZemogaTests.xctest */;
			productType = "com.apple.product-type.bundle.unit-test";
		};
		2D611EE82912047000A79B48 /* ZemogaUITests */ = {
			isa = PBXNativeTarget;
			buildConfigurationList = 2D611EF92912047000A79B48 /* Build configuration list for PBXNativeTarget "ZemogaUITests" */;
			buildPhases = (
				2D611EE52912047000A79B48 /* Sources */,
				2D611EE62912047000A79B48 /* Frameworks */,
				2D611EE72912047000A79B48 /* Resources */,
			);
			buildRules = (
			);
			dependencies = (
				2D611EEB2912047000A79B48 /* PBXTargetDependency */,
			);
			name = ZemogaUITests;
			productName = ZemogaUITests;
			productReference = 2D611EE92912047000A79B48 /* ZemogaUITests.xctest */;
			productType = "com.apple.product-type.bundle.ui-testing";
		};
/* End PBXNativeTarget section */

/* Begin PBXProject section */
		2D611EC12912046800A79B48 /* Project object */ = {
			isa = PBXProject;
			attributes = {
				BuildIndependentTargetsInParallel = 1;
				LastSwiftUpdateCheck = 1330;
				LastUpgradeCheck = 1330;
				TargetAttributes = {
					2D611EC82912046800A79B48 = {
						CreatedOnToolsVersion = 13.3.1;
					};
					2D611EDE2912047000A79B48 = {
						CreatedOnToolsVersion = 13.3.1;
						TestTargetID = 2D611EC82912046800A79B48;
					};
					2D611EE82912047000A79B48 = {
						CreatedOnToolsVersion = 13.3.1;
						TestTargetID = 2D611EC82912046800A79B48;
					};
				};
			};
			buildConfigurationList = 2D611EC42912046800A79B48 /* Build configuration list for PBXProject "Zemoga" */;
			compatibilityVersion = "Xcode 13.0";
			developmentRegion = en;
			hasScannedForEncodings = 0;
			knownRegions = (
				en,
				Base,
			);
			mainGroup = 2D611EC02912046800A79B48;
			productRefGroup = 2D611ECA2912046800A79B48 /* Products */;
			projectDirPath = "";
			projectRoot = "";
			targets = (
				2D611EC82912046800A79B48 /* Zemoga */,
				2D611EDE2912047000A79B48 /* ZemogaTests */,
				2D611EE82912047000A79B48 /* ZemogaUITests */,
			);
		};
/* End PBXProject section */

/* Begin PBXResourcesBuildPhase section */
		2D611EC72912046800A79B48 /* Resources */ = {
			isa = PBXResourcesBuildPhase;
			buildActionMask = 2147483647;
			files = (
				2D611ED92912046F00A79B48 /* LaunchScreen.storyboard in Resources */,
				2D611ED62912046F00A79B48 /* Assets.xcassets in Resources */,
				2D611ED42912046800A79B48 /* Main.storyboard in Resources */,
				2DE8AFAB2914CFED00A79A55 /* CommentTableViewCell.xib in Resources */,
			);
			runOnlyForDeploymentPostprocessing = 0;
		};
		2D611EDD2912047000A79B48 /* Resources */ = {
			isa = PBXResourcesBuildPhase;
			buildActionMask = 2147483647;
			files = (
			);
			runOnlyForDeploymentPostprocessing = 0;
		};
		2D611EE72912047000A79B48 /* Resources */ = {
			isa = PBXResourcesBuildPhase;
			buildActionMask = 2147483647;
			files = (
			);
			runOnlyForDeploymentPostprocessing = 0;
		};
/* End PBXResourcesBuildPhase section */

/* Begin PBXSourcesBuildPhase section */
		2D611EC52912046800A79B48 /* Sources */ = {
			isa = PBXSourcesBuildPhase;
			buildActionMask = 2147483647;
			files = (
				2DE8AFA329120AA300A79A55 /* MainTableViewController.swift in Sources */,
				2DE8AFA72914C09200A79A55 /* PostDetailViewController.swift in Sources */,
				2D611ED12912046800A79B48 /* ViewController.swift in Sources */,
				2D611ECD2912046800A79B48 /* AppDelegate.swift in Sources */,
				2DE8AFAA2914CFED00A79A55 /* CommentTableViewCell.swift in Sources */,
				2D611ECF2912046800A79B48 /* SceneDelegate.swift in Sources */,
				2DE8AFA5291212DA00A79A55 /* MainTableViewCell.swift in Sources */,
			);
			runOnlyForDeploymentPostprocessing = 0;
		};
		2D611EDB2912047000A79B48 /* Sources */ = {
			isa = PBXSourcesBuildPhase;
			buildActionMask = 2147483647;
			files = (
				2D611EE42912047000A79B48 /* ZemogaTests.swift in Sources */,
			);
			runOnlyForDeploymentPostprocessing = 0;
		};
		2D611EE52912047000A79B48 /* Sources */ = {
			isa = PBXSourcesBuildPhase;
			buildActionMask = 2147483647;
			files = (
				2D611EEE2912047000A79B48 /* ZemogaUITests.swift in Sources */,
				2D611EF02912047000A79B48 /* ZemogaUITestsLaunchTests.swift in Sources */,
			);
			runOnlyForDeploymentPostprocessing = 0;
		};
/* End PBXSourcesBuildPhase section */

/* Begin PBXTargetDependency section */
		2D611EE12912047000A79B48 /* PBXTargetDependency */ = {
			isa = PBXTargetDependency;
			target = 2D611EC82912046800A79B48 /* Zemoga */;
			targetProxy = 2D611EE02912047000A79B48 /* PBXContainerItemProxy */;
		};
		2D611EEB2912047000A79B48 /* PBXTargetDependency */ = {
			isa = PBXTargetDependency;
			target = 2D611EC82912046800A79B48 /* Zemoga */;
			targetProxy = 2D611EEA2912047000A79B48 /* PBXContainerItemProxy */;
		};
/* End PBXTargetDependency section */

/* Begin PBXVariantGroup section */
		2D611ED22912046800A79B48 /* Main.storyboard */ = {
			isa = PBXVariantGroup;
			children = (
				2D611ED32912046800A79B48 /* Base */,
			);
			name = Main.storyboard;
			sourceTree = "<group>";
		};
		2D611ED72912046F00A79B48 /* LaunchScreen.storyboard */ = {
			isa = PBXVariantGroup;
			children = (
				2D611ED82912046F00A79B48 /* Base */,
			);
			name = LaunchScreen.storyboard;
			sourceTree = "<group>";
		};
/* End PBXVariantGroup section */

/* Begin XCBuildConfiguration section */
		2D611EF12912047000A79B48 /* Debug */ = {
			isa = XCBuildConfiguration;
			buildSettings = {
				ALWAYS_SEARCH_USER_PATHS = NO;
				CLANG_ANALYZER_NONNULL = YES;
				CLANG_ANALYZER_NUMBER_OBJECT_CONVERSION = YES_AGGRESSIVE;
				CLANG_CXX_LANGUAGE_STANDARD = "gnu++17";
				CLANG_ENABLE_MODULES = YES;
				CLANG_ENABLE_OBJC_ARC = YES;
				CLANG_ENABLE_OBJC_WEAK = YES;
				CLANG_WARN_BLOCK_CAPTURE_AUTORELEASING = YES;
				CLANG_WARN_BOOL_CONVERSION = YES;
				CLANG_WARN_COMMA = YES;
				CLANG_WARN_CONSTANT_CONVERSION = YES;
				CLANG_WARN_DEPRECATED_OBJC_IMPLEMENTATIONS = YES;
				CLANG_WARN_DIRECT_OBJC_ISA_USAGE = YES_ERROR;
				CLANG_WARN_DOCUMENTATION_COMMENTS = YES;
				CLANG_WARN_EMPTY_BODY = YES;
				CLANG_WARN_ENUM_CONVERSION = YES;
				CLANG_WARN_INFINITE_RECURSION = YES;
				CLANG_WARN_INT_CONVERSION = YES;
				CLANG_WARN_NON_LITERAL_NULL_CONVERSION = YES;
				CLANG_WARN_OBJC_IMPLICIT_RETAIN_SELF = YES;
				CLANG_WARN_OBJC_LITERAL_CONVERSION = YES;
				CLANG_WARN_OBJC_ROOT_CLASS = YES_ERROR;
				CLANG_WARN_QUOTED_INCLUDE_IN_FRAMEWORK_HEADER = YES;
				CLANG_WARN_RANGE_LOOP_ANALYSIS = YES;
				CLANG_WARN_STRICT_PROTOTYPES = YES;
				CLANG_WARN_SUSPICIOUS_MOVE = YES;
				CLANG_WARN_UNGUARDED_AVAILABILITY = YES_AGGRESSIVE;
				CLANG_WARN_UNREACHABLE_CODE = YES;
				CLANG_WARN__DUPLICATE_METHOD_MATCH = YES;
				COPY_PHASE_STRIP = NO;
				DEBUG_INFORMATION_FORMAT = dwarf;
				ENABLE_STRICT_OBJC_MSGSEND = YES;
				ENABLE_TESTABILITY = YES;
				GCC_C_LANGUAGE_STANDARD = gnu11;
				GCC_DYNAMIC_NO_PIC = NO;
				GCC_NO_COMMON_BLOCKS = YES;
				GCC_OPTIMIZATION_LEVEL = 0;
				GCC_PREPROCESSOR_DEFINITIONS = (
					"DEBUG=1",
					"$(inherited)",
				);
				GCC_WARN_64_TO_32_BIT_CONVERSION = YES;
				GCC_WARN_ABOUT_RETURN_TYPE = YES_ERROR;
				GCC_WARN_UNDECLARED_SELECTOR = YES;
				GCC_WARN_UNINITIALIZED_AUTOS = YES_AGGRESSIVE;
				GCC_WARN_UNUSED_FUNCTION = YES;
				GCC_WARN_UNUSED_VARIABLE = YES;
				IPHONEOS_DEPLOYMENT_TARGET = 15.4;
				MTL_ENABLE_DEBUG_INFO = INCLUDE_SOURCE;
				MTL_FAST_MATH = YES;
				ONLY_ACTIVE_ARCH = YES;
				SDKROOT = iphoneos;
				SWIFT_ACTIVE_COMPILATION_CONDITIONS = DEBUG;
				SWIFT_OPTIMIZATION_LEVEL = "-Onone";
			};
			name = Debug;
		};
		2D611EF22912047000A79B48 /* Release */ = {
			isa = XCBuildConfiguration;
			buildSettings = {
				ALWAYS_SEARCH_USER_PATHS = NO;
				CLANG_ANALYZER_NONNULL = YES;
				CLANG_ANALYZER_NUMBER_OBJECT_CONVERSION = YES_AGGRESSIVE;
				CLANG_CXX_LANGUAGE_STANDARD = "gnu++17";
				CLANG_ENABLE_MODULES = YES;
				CLANG_ENABLE_OBJC_ARC = YES;
				CLANG_ENABLE_OBJC_WEAK = YES;
				CLANG_WARN_BLOCK_CAPTURE_AUTORELEASING = YES;
				CLANG_WARN_BOOL_CONVERSION = YES;
				CLANG_WARN_COMMA = YES;
				CLANG_WARN_CONSTANT_CONVERSION = YES;
				CLANG_WARN_DEPRECATED_OBJC_IMPLEMENTATIONS = YES;
				CLANG_WARN_DIRECT_OBJC_ISA_USAGE = YES_ERROR;
				CLANG_WARN_DOCUMENTATION_COMMENTS = YES;
				CLANG_WARN_EMPTY_BODY = YES;
				CLANG_WARN_ENUM_CONVERSION = YES;
				CLANG_WARN_INFINITE_RECURSION = YES;
				CLANG_WARN_INT_CONVERSION = YES;
				CLANG_WARN_NON_LITERAL_NULL_CONVERSION = YES;
				CLANG_WARN_OBJC_IMPLICIT_RETAIN_SELF = YES;
				CLANG_WARN_OBJC_LITERAL_CONVERSION = YES;
				CLANG_WARN_OBJC_ROOT_CLASS = YES_ERROR;
				CLANG_WARN_QUOTED_INCLUDE_IN_FRAMEWORK_HEADER = YES;
				CLANG_WARN_RANGE_LOOP_ANALYSIS = YES;
				CLANG_WARN_STRICT_PROTOTYPES = YES;
				CLANG_WARN_SUSPICIOUS_MOVE = YES;
				CLANG_WARN_UNGUARDED_AVAILABILITY = YES_AGGRESSIVE;
				CLANG_WARN_UNREACHABLE_CODE = YES;
				CLANG_WARN__DUPLICATE_METHOD_MATCH = YES;
				COPY_PHASE_STRIP = NO;
				DEBUG_INFORMATION_FORMAT = "dwarf-with-dsym";
				ENABLE_NS_ASSERTIONS = NO;
				ENABLE_STRICT_OBJC_MSGSEND = YES;
				GCC_C_LANGUAGE_STANDARD = gnu11;
				GCC_NO_COMMON_BLOCKS = YES;
				GCC_WARN_64_TO_32_BIT_CONVERSION = YES;
				GCC_WARN_ABOUT_RETURN_TYPE = YES_ERROR;
				GCC_WARN_UNDECLARED_SELECTOR = YES;
				GCC_WARN_UNINITIALIZED_AUTOS = YES_AGGRESSIVE;
				GCC_WARN_UNUSED_FUNCTION = YES;
				GCC_WARN_UNUSED_VARIABLE = YES;
				IPHONEOS_DEPLOYMENT_TARGET = 15.4;
				MTL_ENABLE_DEBUG_INFO = NO;
				MTL_FAST_MATH = YES;
				SDKROOT = iphoneos;
				SWIFT_COMPILATION_MODE = wholemodule;
				SWIFT_OPTIMIZATION_LEVEL = "-O";
				VALIDATE_PRODUCT = YES;
			};
			name = Release;
		};
		2D611EF42912047000A79B48 /* Debug */ = {
			isa = XCBuildConfiguration;
			buildSettings = {
				ASSETCATALOG_COMPILER_APPICON_NAME = AppIcon;
				ASSETCATALOG_COMPILER_GLOBAL_ACCENT_COLOR_NAME = AccentColor;
				CODE_SIGN_STYLE = Automatic;
				CURRENT_PROJECT_VERSION = 1;
				DEVELOPMENT_TEAM = HXL82R424E;
				GENERATE_INFOPLIST_FILE = YES;
				INFOPLIST_FILE = Zemoga/Info.plist;
				INFOPLIST_KEY_UIApplicationSupportsIndirectInputEvents = YES;
				INFOPLIST_KEY_UILaunchStoryboardName = LaunchScreen;
				INFOPLIST_KEY_UIMainStoryboardFile = Main;
				INFOPLIST_KEY_UISupportedInterfaceOrientations_iPad = "UIInterfaceOrientationPortrait UIInterfaceOrientationPortraitUpsideDown UIInterfaceOrientationLandscapeLeft UIInterfaceOrientationLandscapeRight";
				INFOPLIST_KEY_UISupportedInterfaceOrientations_iPhone = "UIInterfaceOrientationPortrait UIInterfaceOrientationLandscapeLeft UIInterfaceOrientationLandscapeRight";
				LD_RUNPATH_SEARCH_PATHS = (
					"$(inherited)",
					"@executable_path/Frameworks",
				);
				MARKETING_VERSION = 1.0;
				PRODUCT_BUNDLE_IDENTIFIER = Juanca.Zemoga;
				PRODUCT_NAME = "$(TARGET_NAME)";
				SWIFT_EMIT_LOC_STRINGS = YES;
				SWIFT_VERSION = 5.0;
				TARGETED_DEVICE_FAMILY = "1,2";
			};
			name = Debug;
		};
		2D611EF52912047000A79B48 /* Release */ = {
			isa = XCBuildConfiguration;
			buildSettings = {
				ASSETCATALOG_COMPILER_APPICON_NAME = AppIcon;
				ASSETCATALOG_COMPILER_GLOBAL_ACCENT_COLOR_NAME = AccentColor;
				CODE_SIGN_STYLE = Automatic;
				CURRENT_PROJECT_VERSION = 1;
				DEVELOPMENT_TEAM = HXL82R424E;
				GENERATE_INFOPLIST_FILE = YES;
				INFOPLIST_FILE = Zemoga/Info.plist;
				INFOPLIST_KEY_UIApplicationSupportsIndirectInputEvents = YES;
				INFOPLIST_KEY_UILaunchStoryboardName = LaunchScreen;
				INFOPLIST_KEY_UIMainStoryboardFile = Main;
				INFOPLIST_KEY_UISupportedInterfaceOrientations_iPad = "UIInterfaceOrientationPortrait UIInterfaceOrientationPortraitUpsideDown UIInterfaceOrientationLandscapeLeft UIInterfaceOrientationLandscapeRight";
				INFOPLIST_KEY_UISupportedInterfaceOrientations_iPhone = "UIInterfaceOrientationPortrait UIInterfaceOrientationLandscapeLeft UIInterfaceOrientationLandscapeRight";
				LD_RUNPATH_SEARCH_PATHS = (
					"$(inherited)",
					"@executable_path/Frameworks",
				);
				MARKETING_VERSION = 1.0;
				PRODUCT_BUNDLE_IDENTIFIER = Juanca.Zemoga;
				PRODUCT_NAME = "$(TARGET_NAME)";
				SWIFT_EMIT_LOC_STRINGS = YES;
				SWIFT_VERSION = 5.0;
				TARGETED_DEVICE_FAMILY = "1,2";
			};
			name = Release;
		};
		2D611EF72912047000A79B48 /* Debug */ = {
			isa = XCBuildConfiguration;
			buildSettings = {
				ALWAYS_EMBED_SWIFT_STANDARD_LIBRARIES = YES;
				BUNDLE_LOADER = "$(TEST_HOST)";
				CODE_SIGN_STYLE = Automatic;
				CURRENT_PROJECT_VERSION = 1;
				DEVELOPMENT_TEAM = HXL82R424E;
				GENERATE_INFOPLIST_FILE = YES;
				IPHONEOS_DEPLOYMENT_TARGET = 15.4;
				MARKETING_VERSION = 1.0;
				PRODUCT_BUNDLE_IDENTIFIER = Juanca.ZemogaTests;
				PRODUCT_NAME = "$(TARGET_NAME)";
				SWIFT_EMIT_LOC_STRINGS = NO;
				SWIFT_VERSION = 5.0;
				TARGETED_DEVICE_FAMILY = "1,2";
				TEST_HOST = "$(BUILT_PRODUCTS_DIR)/Zemoga.app/Zemoga";
			};
			name = Debug;
		};
		2D611EF82912047000A79B48 /* Release */ = {
			isa = XCBuildConfiguration;
			buildSettings = {
				ALWAYS_EMBED_SWIFT_STANDARD_LIBRARIES = YES;
				BUNDLE_LOADER = "$(TEST_HOST)";
				CODE_SIGN_STYLE = Automatic;
				CURRENT_PROJECT_VERSION = 1;
				DEVELOPMENT_TEAM = HXL82R424E;
				GENERATE_INFOPLIST_FILE = YES;
				IPHONEOS_DEPLOYMENT_TARGET = 15.4;
				MARKETING_VERSION = 1.0;
				PRODUCT_BUNDLE_IDENTIFIER = Juanca.ZemogaTests;
				PRODUCT_NAME = "$(TARGET_NAME)";
				SWIFT_EMIT_LOC_STRINGS = NO;
				SWIFT_VERSION = 5.0;
				TARGETED_DEVICE_FAMILY = "1,2";
				TEST_HOST = "$(BUILT_PRODUCTS_DIR)/Zemoga.app/Zemoga";
			};
			name = Release;
		};
		2D611EFA2912047000A79B48 /* Debug */ = {
			isa = XCBuildConfiguration;
			buildSettings = {
				ALWAYS_EMBED_SWIFT_STANDARD_LIBRARIES = YES;
				CODE_SIGN_STYLE = Automatic;
				CURRENT_PROJECT_VERSION = 1;
				DEVELOPMENT_TEAM = HXL82R424E;
				GENERATE_INFOPLIST_FILE = YES;
				MARKETING_VERSION = 1.0;
				PRODUCT_BUNDLE_IDENTIFIER = Juanca.ZemogaUITests;
				PRODUCT_NAME = "$(TARGET_NAME)";
				SWIFT_EMIT_LOC_STRINGS = NO;
				SWIFT_VERSION = 5.0;
				TARGETED_DEVICE_FAMILY = "1,2";
				TEST_TARGET_NAME = Zemoga;
			};
			name = Debug;
		};
		2D611EFB2912047000A79B48 /* Release */ = {
			isa = XCBuildConfiguration;
			buildSettings = {
				ALWAYS_EMBED_SWIFT_STANDARD_LIBRARIES = YES;
				CODE_SIGN_STYLE = Automatic;
				CURRENT_PROJECT_VERSION = 1;
				DEVELOPMENT_TEAM = HXL82R424E;
				GENERATE_INFOPLIST_FILE = YES;
				MARKETING_VERSION = 1.0;
				PRODUCT_BUNDLE_IDENTIFIER = Juanca.ZemogaUITests;
				PRODUCT_NAME = "$(TARGET_NAME)";
				SWIFT_EMIT_LOC_STRINGS = NO;
				SWIFT_VERSION = 5.0;
				TARGETED_DEVICE_FAMILY = "1,2";
				TEST_TARGET_NAME = Zemoga;
			};
			name = Release;
		};
/* End XCBuildConfiguration section */

/* Begin XCConfigurationList section */
		2D611EC42912046800A79B48 /* Build configuration list for PBXProject "Zemoga" */ = {
			isa = XCConfigurationList;
			buildConfigurations = (
				2D611EF12912047000A79B48 /* Debug */,
				2D611EF22912047000A79B48 /* Release */,
			);
			defaultConfigurationIsVisible = 0;
			defaultConfigurationName = Release;
		};
		2D611EF32912047000A79B48 /* Build configuration list for PBXNativeTarget "Zemoga" */ = {
			isa = XCConfigurationList;
			buildConfigurations = (
				2D611EF42912047000A79B48 /* Debug */,
				2D611EF52912047000A79B48 /* Release */,
			);
			defaultConfigurationIsVisible = 0;
			defaultConfigurationName = Release;
		};
		2D611EF62912047000A79B48 /* Build configuration list for PBXNativeTarget "ZemogaTests" */ = {
			isa = XCConfigurationList;
			buildConfigurations = (
				2D611EF72912047000A79B48 /* Debug */,
				2D611EF82912047000A79B48 /* Release */,
			);
			defaultConfigurationIsVisible = 0;
			defaultConfigurationName = Release;
		};
		2D611EF92912047000A79B48 /* Build configuration list for PBXNativeTarget "ZemogaUITests" */ = {
			isa = XCConfigurationList;
			buildConfigurations = (
				2D611EFA2912047000A79B48 /* Debug */,
				2D611EFB2912047000A79B48 /* Release */,
			);
			defaultConfigurationIsVisible = 0;
			defaultConfigurationName = Release;
		};
/* End XCConfigurationList section */
	};
	rootObject = 2D611EC12912046800A79B48 /* Project object */;
}
